// !$*UTF8*$!
{
	archiveVersion = 1;
	classes = {
	};
	objectVersion = 55;
	objects = {

/* Begin PBXBuildFile section */
		7A380765286857F40031CCFE /* SearchDetailTableViewCell.swift in Sources */ = {isa = PBXBuildFile; fileRef = 7A380764286857F40031CCFE /* SearchDetailTableViewCell.swift */; };
		7A380768286871840031CCFE /* Alamofire in Frameworks */ = {isa = PBXBuildFile; productRef = 7A380767286871840031CCFE /* Alamofire */; };
		C37514252862A40E007AA4DF /* Kingfisher in Frameworks */ = {isa = PBXBuildFile; productRef = C37514242862A40E007AA4DF /* Kingfisher */; };
		C376B09928617F350050FA74 /* AppDelegate.swift in Sources */ = {isa = PBXBuildFile; fileRef = C376B09828617F350050FA74 /* AppDelegate.swift */; };
		C376B09B28617F350050FA74 /* SceneDelegate.swift in Sources */ = {isa = PBXBuildFile; fileRef = C376B09A28617F350050FA74 /* SceneDelegate.swift */; };
		C376B0A028617F350050FA74 /* Main.storyboard in Resources */ = {isa = PBXBuildFile; fileRef = C376B09E28617F350050FA74 /* Main.storyboard */; };
		C376B0A228617F360050FA74 /* Assets.xcassets in Resources */ = {isa = PBXBuildFile; fileRef = C376B0A128617F360050FA74 /* Assets.xcassets */; };
		C376B0A528617F360050FA74 /* LaunchScreen.storyboard in Resources */ = {isa = PBXBuildFile; fileRef = C376B0A328617F360050FA74 /* LaunchScreen.storyboard */; };
		C376B0AD286180140050FA74 /* NewViewController.swift in Sources */ = {isa = PBXBuildFile; fileRef = C376B0AC286180140050FA74 /* NewViewController.swift */; };
		C376B0AF2861802E0050FA74 /* SearchViewController.swift in Sources */ = {isa = PBXBuildFile; fileRef = C376B0AE2861802E0050FA74 /* SearchViewController.swift */; };
		C376B0B3286186060050FA74 /* NewDetailViewController.swift in Sources */ = {isa = PBXBuildFile; fileRef = C376B0B2286186060050FA74 /* NewDetailViewController.swift */; };
		C376B0B728618F430050FA74 /* BookModel.swift in Sources */ = {isa = PBXBuildFile; fileRef = C376B0B628618F430050FA74 /* BookModel.swift */; };
		C376B0B92861A6F40050FA74 /* NewTableViewCell.swift in Sources */ = {isa = PBXBuildFile; fileRef = C376B0B82861A6F40050FA74 /* NewTableViewCell.swift */; };
/* End PBXBuildFile section */

/* Begin PBXFileReference section */
		7A380764286857F40031CCFE /* SearchDetailTableViewCell.swift */ = {isa = PBXFileReference; lastKnownFileType = sourcecode.swift; path = SearchDetailTableViewCell.swift; sourceTree = "<group>"; };
		C376B09528617F350050FA74 /* Books.app */ = {isa = PBXFileReference; explicitFileType = wrapper.application; includeInIndex = 0; path = Books.app; sourceTree = BUILT_PRODUCTS_DIR; };
		C376B09828617F350050FA74 /* AppDelegate.swift */ = {isa = PBXFileReference; lastKnownFileType = sourcecode.swift; path = AppDelegate.swift; sourceTree = "<group>"; };
		C376B09A28617F350050FA74 /* SceneDelegate.swift */ = {isa = PBXFileReference; lastKnownFileType = sourcecode.swift; path = SceneDelegate.swift; sourceTree = "<group>"; };
		C376B09F28617F350050FA74 /* Base */ = {isa = PBXFileReference; lastKnownFileType = file.storyboard; name = Base; path = Base.lproj/Main.storyboard; sourceTree = "<group>"; };
		C376B0A128617F360050FA74 /* Assets.xcassets */ = {isa = PBXFileReference; lastKnownFileType = folder.assetcatalog; path = Assets.xcassets; sourceTree = "<group>"; };
		C376B0A428617F360050FA74 /* Base */ = {isa = PBXFileReference; lastKnownFileType = file.storyboard; name = Base; path = Base.lproj/LaunchScreen.storyboard; sourceTree = "<group>"; };
		C376B0A628617F360050FA74 /* Info.plist */ = {isa = PBXFileReference; lastKnownFileType = text.plist.xml; path = Info.plist; sourceTree = "<group>"; };
		C376B0AC286180140050FA74 /* NewViewController.swift */ = {isa = PBXFileReference; lastKnownFileType = sourcecode.swift; path = NewViewController.swift; sourceTree = "<group>"; };
		C376B0AE2861802E0050FA74 /* SearchViewController.swift */ = {isa = PBXFileReference; lastKnownFileType = sourcecode.swift; path = SearchViewController.swift; sourceTree = "<group>"; };
		C376B0B2286186060050FA74 /* NewDetailViewController.swift */ = {isa = PBXFileReference; lastKnownFileType = sourcecode.swift; path = NewDetailViewController.swift; sourceTree = "<group>"; };
		C376B0B628618F430050FA74 /* BookModel.swift */ = {isa = PBXFileReference; lastKnownFileType = sourcecode.swift; path = BookModel.swift; sourceTree = "<group>"; };
		C376B0B82861A6F40050FA74 /* NewTableViewCell.swift */ = {isa = PBXFileReference; lastKnownFileType = sourcecode.swift; path = NewTableViewCell.swift; sourceTree = "<group>"; };
/* End PBXFileReference section */

/* Begin PBXFrameworksBuildPhase section */
		C376B09228617F350050FA74 /* Frameworks */ = {
			isa = PBXFrameworksBuildPhase;
			buildActionMask = 2147483647;
			files = (
				C37514252862A40E007AA4DF /* Kingfisher in Frameworks */,
				7A380768286871840031CCFE /* Alamofire in Frameworks */,
			);
			runOnlyForDeploymentPostprocessing = 0;
		};
/* End PBXFrameworksBuildPhase section */

/* Begin PBXGroup section */
		C37514262862B0F0007AA4DF /* Application */ = {
			isa = PBXGroup;
			children = (
				C376B09828617F350050FA74 /* AppDelegate.swift */,
				C376B09A28617F350050FA74 /* SceneDelegate.swift */,
			);
			path = Application;
			sourceTree = "<group>";
		};
		C37514272862B0FE007AA4DF /* Model */ = {
			isa = PBXGroup;
			children = (
				C376B0B628618F430050FA74 /* BookModel.swift */,
			);
			path = Model;
			sourceTree = "<group>";
		};
		C37514282862B130007AA4DF /* Resource */ = {
			isa = PBXGroup;
			children = (
				C376B0A128617F360050FA74 /* Assets.xcassets */,
				C376B0A328617F360050FA74 /* LaunchScreen.storyboard */,
				C376B0A628617F360050FA74 /* Info.plist */,
			);
			path = Resource;
			sourceTree = "<group>";
		};
		C37514292862B147007AA4DF /* StoryBoard */ = {
			isa = PBXGroup;
			children = (
				C376B09E28617F350050FA74 /* Main.storyboard */,
			);
			path = StoryBoard;
			sourceTree = "<group>";
		};
		C376B08C28617F350050FA74 = {
			isa = PBXGroup;
			children = (
				C376B09728617F350050FA74 /* Books */,
				C376B09628617F350050FA74 /* Products */,
			);
			sourceTree = "<group>";
		};
		C376B09628617F350050FA74 /* Products */ = {
			isa = PBXGroup;
			children = (
				C376B09528617F350050FA74 /* Books.app */,
			);
			name = Products;
			sourceTree = "<group>";
		};
		C376B09728617F350050FA74 /* Books */ = {
			isa = PBXGroup;
			children = (
				C37514262862B0F0007AA4DF /* Application */,
				C37514282862B130007AA4DF /* Resource */,
				C37514292862B147007AA4DF /* StoryBoard */,
				C37514272862B0FE007AA4DF /* Model */,
				C376B0B1286180460050FA74 /* New */,
				C376B0B02861803B0050FA74 /* Search */,
			);
			path = Books;
			sourceTree = "<group>";
		};
		C376B0B02861803B0050FA74 /* Search */ = {
			isa = PBXGroup;
			children = (
				C376B0AE2861802E0050FA74 /* SearchViewController.swift */,
				7A380764286857F40031CCFE /* SearchDetailTableViewCell.swift */,
			);
			path = Search;
			sourceTree = "<group>";
		};
		C376B0B1286180460050FA74 /* New */ = {
			isa = PBXGroup;
			children = (
				C376B0AC286180140050FA74 /* NewViewController.swift */,
				C376B0B82861A6F40050FA74 /* NewTableViewCell.swift */,
				C376B0B2286186060050FA74 /* NewDetailViewController.swift */,
			);
			path = New;
			sourceTree = "<group>";
		};
/* End PBXGroup section */

/* Begin PBXNativeTarget section */
		C376B09428617F350050FA74 /* Books */ = {
			isa = PBXNativeTarget;
			buildConfigurationList = C376B0A928617F360050FA74 /* Build configuration list for PBXNativeTarget "Books" */;
			buildPhases = (
				C376B09128617F350050FA74 /* Sources */,
				C376B09228617F350050FA74 /* Frameworks */,
				C376B09328617F350050FA74 /* Resources */,
			);
			buildRules = (
			);
			dependencies = (
			);
			name = Books;
			packageProductDependencies = (
				C37514242862A40E007AA4DF /* Kingfisher */,
				7A380767286871840031CCFE /* Alamofire */,
			);
			productName = Books;
			productReference = C376B09528617F350050FA74 /* Books.app */;
			productType = "com.apple.product-type.application";
		};
/* End PBXNativeTarget section */

/* Begin PBXProject section */
		C376B08D28617F350050FA74 /* Project object */ = {
			isa = PBXProject;
			attributes = {
				BuildIndependentTargetsInParallel = 1;
				LastSwiftUpdateCheck = 1320;
				LastUpgradeCheck = 1320;
				TargetAttributes = {
					C376B09428617F350050FA74 = {
						CreatedOnToolsVersion = 13.2.1;
					};
				};
			};
			buildConfigurationList = C376B09028617F350050FA74 /* Build configuration list for PBXProject "Books" */;
			compatibilityVersion = "Xcode 13.0";
			developmentRegion = en;
			hasScannedForEncodings = 0;
			knownRegions = (
				en,
				Base,
			);
			mainGroup = C376B08C28617F350050FA74;
			packageReferences = (
				C37514232862A40E007AA4DF /* XCRemoteSwiftPackageReference "Kingfisher" */,
				7A380766286871840031CCFE /* XCRemoteSwiftPackageReference "Alamofire" */,
			);
			productRefGroup = C376B09628617F350050FA74 /* Products */;
			projectDirPath = "";
			projectRoot = "";
			targets = (
				C376B09428617F350050FA74 /* Books */,
			);
		};
/* End PBXProject section */

/* Begin PBXResourcesBuildPhase section */
		C376B09328617F350050FA74 /* Resources */ = {
			isa = PBXResourcesBuildPhase;
			buildActionMask = 2147483647;
			files = (
				C376B0A528617F360050FA74 /* LaunchScreen.storyboard in Resources */,
				C376B0A228617F360050FA74 /* Assets.xcassets in Resources */,
				C376B0A028617F350050FA74 /* Main.storyboard in Resources */,
			);
			runOnlyForDeploymentPostprocessing = 0;
		};
/* End PBXResourcesBuildPhase section */

/* Begin PBXSourcesBuildPhase section */
		C376B09128617F350050FA74 /* Sources */ = {
			isa = PBXSourcesBuildPhase;
			buildActionMask = 2147483647;
			files = (
				C376B0AF2861802E0050FA74 /* SearchViewController.swift in Sources */,
				C376B0B728618F430050FA74 /* BookModel.swift in Sources */,
				C376B09928617F350050FA74 /* AppDelegate.swift in Sources */,
				C376B09B28617F350050FA74 /* SceneDelegate.swift in Sources */,
				C376B0B3286186060050FA74 /* NewDetailViewController.swift in Sources */,
				C376B0B92861A6F40050FA74 /* NewTableViewCell.swift in Sources */,
				C376B0AD286180140050FA74 /* NewViewController.swift in Sources */,
				7A380765286857F40031CCFE /* SearchDetailTableViewCell.swift in Sources */,
			);
			runOnlyForDeploymentPostprocessing = 0;
		};
/* End PBXSourcesBuildPhase section */

/* Begin PBXVariantGroup section */
		C376B09E28617F350050FA74 /* Main.storyboard */ = {
			isa = PBXVariantGroup;
			children = (
				C376B09F28617F350050FA74 /* Base */,
			);
			name = Main.storyboard;
			sourceTree = "<group>";
		};
		C376B0A328617F360050FA74 /* LaunchScreen.storyboard */ = {
			isa = PBXVariantGroup;
			children = (
				C376B0A428617F360050FA74 /* Base */,
			);
			name = LaunchScreen.storyboard;
			sourceTree = "<group>";
		};
/* End PBXVariantGroup section */

/* Begin XCBuildConfiguration section */
		C376B0A728617F360050FA74 /* Debug */ = {
			isa = XCBuildConfiguration;
			buildSettings = {
				ALWAYS_SEARCH_USER_PATHS = NO;
				CLANG_ANALYZER_NONNULL = YES;
				CLANG_ANALYZER_NUMBER_OBJECT_CONVERSION = YES_AGGRESSIVE;
				CLANG_CXX_LANGUAGE_STANDARD = "gnu++17";
				CLANG_CXX_LIBRARY = "libc++";
				CLANG_ENABLE_MODULES = YES;
				CLANG_ENABLE_OBJC_ARC = YES;
				CLANG_ENABLE_OBJC_WEAK = YES;
				CLANG_WARN_BLOCK_CAPTURE_AUTORELEASING = YES;
				CLANG_WARN_BOOL_CONVERSION = YES;
				CLANG_WARN_COMMA = YES;
				CLANG_WARN_CONSTANT_CONVERSION = YES;
				CLANG_WARN_DEPRECATED_OBJC_IMPLEMENTATIONS = YES;
				CLANG_WARN_DIRECT_OBJC_ISA_USAGE = YES_ERROR;
				CLANG_WARN_DOCUMENTATION_COMMENTS = YES;
				CLANG_WARN_EMPTY_BODY = YES;
				CLANG_WARN_ENUM_CONVERSION = YES;
				CLANG_WARN_INFINITE_RECURSION = YES;
				CLANG_WARN_INT_CONVERSION = YES;
				CLANG_WARN_NON_LITERAL_NULL_CONVERSION = YES;
				CLANG_WARN_OBJC_IMPLICIT_RETAIN_SELF = YES;
				CLANG_WARN_OBJC_LITERAL_CONVERSION = YES;
				CLANG_WARN_OBJC_ROOT_CLASS = YES_ERROR;
				CLANG_WARN_QUOTED_INCLUDE_IN_FRAMEWORK_HEADER = YES;
				CLANG_WARN_RANGE_LOOP_ANALYSIS = YES;
				CLANG_WARN_STRICT_PROTOTYPES = YES;
				CLANG_WARN_SUSPICIOUS_MOVE = YES;
				CLANG_WARN_UNGUARDED_AVAILABILITY = YES_AGGRESSIVE;
				CLANG_WARN_UNREACHABLE_CODE = YES;
				CLANG_WARN__DUPLICATE_METHOD_MATCH = YES;
				COPY_PHASE_STRIP = NO;
				DEBUG_INFORMATION_FORMAT = dwarf;
				ENABLE_STRICT_OBJC_MSGSEND = YES;
				ENABLE_TESTABILITY = YES;
				GCC_C_LANGUAGE_STANDARD = gnu11;
				GCC_DYNAMIC_NO_PIC = NO;
				GCC_NO_COMMON_BLOCKS = YES;
				GCC_OPTIMIZATION_LEVEL = 0;
				GCC_PREPROCESSOR_DEFINITIONS = (
					"DEBUG=1",
					"$(inherited)",
				);
				GCC_WARN_64_TO_32_BIT_CONVERSION = YES;
				GCC_WARN_ABOUT_RETURN_TYPE = YES_ERROR;
				GCC_WARN_UNDECLARED_SELECTOR = YES;
				GCC_WARN_UNINITIALIZED_AUTOS = YES_AGGRESSIVE;
				GCC_WARN_UNUSED_FUNCTION = YES;
				GCC_WARN_UNUSED_VARIABLE = YES;
				IPHONEOS_DEPLOYMENT_TARGET = 15.2;
				MTL_ENABLE_DEBUG_INFO = INCLUDE_SOURCE;
				MTL_FAST_MATH = YES;
				ONLY_ACTIVE_ARCH = YES;
				SDKROOT = iphoneos;
				SWIFT_ACTIVE_COMPILATION_CONDITIONS = DEBUG;
				SWIFT_OPTIMIZATION_LEVEL = "-Onone";
			};
			name = Debug;
		};
		C376B0A828617F360050FA74 /* Release */ = {
			isa = XCBuildConfiguration;
			buildSettings = {
				ALWAYS_SEARCH_USER_PATHS = NO;
				CLANG_ANALYZER_NONNULL = YES;
				CLANG_ANALYZER_NUMBER_OBJECT_CONVERSION = YES_AGGRESSIVE;
				CLANG_CXX_LANGUAGE_STANDARD = "gnu++17";
				CLANG_CXX_LIBRARY = "libc++";
				CLANG_ENABLE_MODULES = YES;
				CLANG_ENABLE_OBJC_ARC = YES;
				CLANG_ENABLE_OBJC_WEAK = YES;
				CLANG_WARN_BLOCK_CAPTURE_AUTORELEASING = YES;
				CLANG_WARN_BOOL_CONVERSION = YES;
				CLANG_WARN_COMMA = YES;
				CLANG_WARN_CONSTANT_CONVERSION = YES;
				CLANG_WARN_DEPRECATED_OBJC_IMPLEMENTATIONS = YES;
				CLANG_WARN_DIRECT_OBJC_ISA_USAGE = YES_ERROR;
				CLANG_WARN_DOCUMENTATION_COMMENTS = YES;
				CLANG_WARN_EMPTY_BODY = YES;
				CLANG_WARN_ENUM_CONVERSION = YES;
				CLANG_WARN_INFINITE_RECURSION = YES;
				CLANG_WARN_INT_CONVERSION = YES;
				CLANG_WARN_NON_LITERAL_NULL_CONVERSION = YES;
				CLANG_WARN_OBJC_IMPLICIT_RETAIN_SELF = YES;
				CLANG_WARN_OBJC_LITERAL_CONVERSION = YES;
				CLANG_WARN_OBJC_ROOT_CLASS = YES_ERROR;
				CLANG_WARN_QUOTED_INCLUDE_IN_FRAMEWORK_HEADER = YES;
				CLANG_WARN_RANGE_LOOP_ANALYSIS = YES;
				CLANG_WARN_STRICT_PROTOTYPES = YES;
				CLANG_WARN_SUSPICIOUS_MOVE = YES;
				CLANG_WARN_UNGUARDED_AVAILABILITY = YES_AGGRESSIVE;
				CLANG_WARN_UNREACHABLE_CODE = YES;
				CLANG_WARN__DUPLICATE_METHOD_MATCH = YES;
				COPY_PHASE_STRIP = NO;
				DEBUG_INFORMATION_FORMAT = "dwarf-with-dsym";
				ENABLE_NS_ASSERTIONS = NO;
				ENABLE_STRICT_OBJC_MSGSEND = YES;
				GCC_C_LANGUAGE_STANDARD = gnu11;
				GCC_NO_COMMON_BLOCKS = YES;
				GCC_WARN_64_TO_32_BIT_CONVERSION = YES;
				GCC_WARN_ABOUT_RETURN_TYPE = YES_ERROR;
				GCC_WARN_UNDECLARED_SELECTOR = YES;
				GCC_WARN_UNINITIALIZED_AUTOS = YES_AGGRESSIVE;
				GCC_WARN_UNUSED_FUNCTION = YES;
				GCC_WARN_UNUSED_VARIABLE = YES;
				IPHONEOS_DEPLOYMENT_TARGET = 15.2;
				MTL_ENABLE_DEBUG_INFO = NO;
				MTL_FAST_MATH = YES;
				SDKROOT = iphoneos;
				SWIFT_COMPILATION_MODE = wholemodule;
				SWIFT_OPTIMIZATION_LEVEL = "-O";
				VALIDATE_PRODUCT = YES;
			};
			name = Release;
		};
		C376B0AA28617F360050FA74 /* Debug */ = {
			isa = XCBuildConfiguration;
			buildSettings = {
				ASSETCATALOG_COMPILER_APPICON_NAME = AppIcon;
				ASSETCATALOG_COMPILER_GLOBAL_ACCENT_COLOR_NAME = AccentColor;
				CODE_SIGN_STYLE = Automatic;
				CURRENT_PROJECT_VERSION = 1;
				GENERATE_INFOPLIST_FILE = YES;
				INFOPLIST_FILE = Books/Resource/Info.plist;
				INFOPLIST_KEY_UIApplicationSupportsIndirectInputEvents = YES;
				INFOPLIST_KEY_UILaunchStoryboardName = LaunchScreen;
				INFOPLIST_KEY_UIMainStoryboardFile = Main;
				INFOPLIST_KEY_UISupportedInterfaceOrientations_iPad = "UIInterfaceOrientationPortrait UIInterfaceOrientationPortraitUpsideDown UIInterfaceOrientationLandscapeLeft UIInterfaceOrientationLandscapeRight";
				INFOPLIST_KEY_UISupportedInterfaceOrientations_iPhone = "UIInterfaceOrientationPortrait UIInterfaceOrientationLandscapeLeft UIInterfaceOrientationLandscapeRight";
				LD_RUNPATH_SEARCH_PATHS = (
					"$(inherited)",
					"@executable_path/Frameworks",
				);
				MARKETING_VERSION = 1.0;
				PRODUCT_BUNDLE_IDENTIFIER = pineone.Books;
				PRODUCT_NAME = "$(TARGET_NAME)";
				SWIFT_EMIT_LOC_STRINGS = YES;
				SWIFT_VERSION = 5.0;
				TARGETED_DEVICE_FAMILY = "1,2";
			};
			name = Debug;
		};
		C376B0AB28617F360050FA74 /* Release */ = {
			isa = XCBuildConfiguration;
			buildSettings = {
				ASSETCATALOG_COMPILER_APPICON_NAME = AppIcon;
				ASSETCATALOG_COMPILER_GLOBAL_ACCENT_COLOR_NAME = AccentColor;
				CODE_SIGN_STYLE = Automatic;
				CURRENT_PROJECT_VERSION = 1;
				GENERATE_INFOPLIST_FILE = YES;
				INFOPLIST_FILE = Books/Resource/Info.plist;
				INFOPLIST_KEY_UIApplicationSupportsIndirectInputEvents = YES;
				INFOPLIST_KEY_UILaunchStoryboardName = LaunchScreen;
				INFOPLIST_KEY_UIMainStoryboardFile = Main;
				INFOPLIST_KEY_UISupportedInterfaceOrientations_iPad = "UIInterfaceOrientationPortrait UIInterfaceOrientationPortraitUpsideDown UIInterfaceOrientationLandscapeLeft UIInterfaceOrientationLandscapeRight";
				INFOPLIST_KEY_UISupportedInterfaceOrientations_iPhone = "UIInterfaceOrientationPortrait UIInterfaceOrientationLandscapeLeft UIInterfaceOrientationLandscapeRight";
				LD_RUNPATH_SEARCH_PATHS = (
					"$(inherited)",
					"@executable_path/Frameworks",
				);
				MARKETING_VERSION = 1.0;
				PRODUCT_BUNDLE_IDENTIFIER = pineone.Books;
				PRODUCT_NAME = "$(TARGET_NAME)";
				SWIFT_EMIT_LOC_STRINGS = YES;
				SWIFT_VERSION = 5.0;
				TARGETED_DEVICE_FAMILY = "1,2";
			};
			name = Release;
		};
/* End XCBuildConfiguration section */

/* Begin XCConfigurationList section */
		C376B09028617F350050FA74 /* Build configuration list for PBXProject "Books" */ = {
			isa = XCConfigurationList;
			buildConfigurations = (
				C376B0A728617F360050FA74 /* Debug */,
				C376B0A828617F360050FA74 /* Release */,
			);
			defaultConfigurationIsVisible = 0;
			defaultConfigurationName = Release;
		};
		C376B0A928617F360050FA74 /* Build configuration list for PBXNativeTarget "Books" */ = {
			isa = XCConfigurationList;
			buildConfigurations = (
				C376B0AA28617F360050FA74 /* Debug */,
				C376B0AB28617F360050FA74 /* Release */,
			);
			defaultConfigurationIsVisible = 0;
			defaultConfigurationName = Release;
		};
/* End XCConfigurationList section */

/* Begin XCRemoteSwiftPackageReference section */
		7A380766286871840031CCFE /* XCRemoteSwiftPackageReference "Alamofire" */ = {
			isa = XCRemoteSwiftPackageReference;
			repositoryURL = "https://github.com/Alamofire/Alamofire.git";
			requirement = {
				kind = upToNextMajorVersion;
				minimumVersion = 5.0.0;
			};
		};
		C37514232862A40E007AA4DF /* XCRemoteSwiftPackageReference "Kingfisher" */ = {
			isa = XCRemoteSwiftPackageReference;
			repositoryURL = "https://github.com/onevcat/Kingfisher.git";
			requirement = {
				kind = upToNextMajorVersion;
				minimumVersion = 7.0.0;
			};
		};
/* End XCRemoteSwiftPackageReference section */

/* Begin XCSwiftPackageProductDependency section */
		7A380767286871840031CCFE /* Alamofire */ = {
			isa = XCSwiftPackageProductDependency;
			package = 7A380766286871840031CCFE /* XCRemoteSwiftPackageReference "Alamofire" */;
			productName = Alamofire;
		};
		C37514242862A40E007AA4DF /* Kingfisher */ = {
			isa = XCSwiftPackageProductDependency;
			package = C37514232862A40E007AA4DF /* XCRemoteSwiftPackageReference "Kingfisher" */;
			productName = Kingfisher;
		};
/* End XCSwiftPackageProductDependency section */
	};
	rootObject = C376B08D28617F350050FA74 /* Project object */;
}
